
Microsoft Visual Studio Solution File, Format Version 12.00
# Visual Studio Express 15 for Windows Desktop
VisualStudioVersion = 15.0.28307.1259
MinimumVisualStudioVersion = 10.0.40219.1
Project("{FAE04EC0-301F-11D3-BF4B-00C04F79EFBC}") = "String_Variables_Worked_Examples", "String_Variables_Worked_Examples\String_Variables_Worked_Examples.csproj", "{CC6589BE-9FEB-4229-8043-48B697642402}"
EndProject
Global
	GlobalSection(SolutionConfigurationPlatforms) = preSolution
		Debug|Any CPU = Debug|Any CPU
		Release|Any CPU = Release|Any CPU
	EndGlobalSection
	GlobalSection(ProjectConfigurationPlatforms) = postSolution
		{CC6589BE-9FEB-4229-8043-48B697642402}.Debug|Any CPU.ActiveCfg = Debug|Any CPU
		{CC6589BE-9FEB-4229-8043-48B697642402}.Debug|Any CPU.Build.0 = Debug|Any CPU
		{CC6589BE-9FEB-4229-8043-48B697642402}.Release|Any CPU.ActiveCfg = Release|Any CPU
		{CC6589BE-9FEB-4229-8043-48B697642402}.Release|Any CPU.Build.0 = Release|Any CPU
	EndGlobalSection
	GlobalSection(SolutionProperties) = preSolution
		HideSolutionNode = FALSE
	EndGlobalSection
	GlobalSection(ExtensibilityGlobals) = postSolution
		SolutionGuid = {53A1DA47-731B-4C88-BE54-2D8C09937FD1}
	EndGlobalSection
EndGlobal
