
Microsoft Visual Studio Solution File, Format Version 12.00
# Visual Studio Express 15 for Windows Desktop
VisualStudioVersion = 15.0.28307.1259
MinimumVisualStudioVersion = 10.0.40219.1
Project("{FAE04EC0-301F-11D3-BF4B-00C04F79EFBC}") = "Maher_Mary_Assignment1MS806", "Maher_Mary_Assignment1MS806\Maher_Mary_Assignment1MS806.csproj", "{290F5E0E-8312-4056-91E0-8718C3DD99B7}"
EndProject
Global
	GlobalSection(SolutionConfigurationPlatforms) = preSolution
		Debug|Any CPU = Debug|Any CPU
		Release|Any CPU = Release|Any CPU
	EndGlobalSection
	GlobalSection(ProjectConfigurationPlatforms) = postSolution
		{290F5E0E-8312-4056-91E0-8718C3DD99B7}.Debug|Any CPU.ActiveCfg = Debug|Any CPU
		{290F5E0E-8312-4056-91E0-8718C3DD99B7}.Debug|Any CPU.Build.0 = Debug|Any CPU
		{290F5E0E-8312-4056-91E0-8718C3DD99B7}.Release|Any CPU.ActiveCfg = Release|Any CPU
		{290F5E0E-8312-4056-91E0-8718C3DD99B7}.Release|Any CPU.Build.0 = Release|Any CPU
	EndGlobalSection
	GlobalSection(SolutionProperties) = preSolution
		HideSolutionNode = FALSE
	EndGlobalSection
	GlobalSection(ExtensibilityGlobals) = postSolution
		SolutionGuid = {D48624FC-FA19-49BB-8DF5-CD6454C9EE1E}
	EndGlobalSection
EndGlobal
